<?xml version="1.0" encoding="utf-8"?>
<Project ToolsVersion="4.0" xmlns="http://schemas.microsoft.com/developer/msbuild/2003">
  <ItemGroup>
    <ClCompile Include="ComputeScoreDriver.cpp" />
    <ClCompile Include="GameEngine.cpp" />
    <ClCompile Include="GameEngineDriver.cpp" />
    <ClCompile Include="GameStartDriver.cpp" />
    <ClCompile Include="jsoncpp.cpp" />
    <ClCompile Include="MainDriver.cpp" />
    <ClCompile Include="MainGame.cpp" />
    <ClCompile Include="AfterActionDriver.cpp" />
    <ClCompile Include="MainLoopDriver.cpp" />
    <ClCompile Include="Map.cpp" />
    <ClCompile Include="MapDriver.cpp" />
    <ClCompile Include="PlayerStrategies.cpp" />
    <ClCompile Include="PlayerStrategiesDriver.cpp" />
    <ClCompile Include="StartingPhase.cpp" />
    <ClCompile Include="StartupPhaseDriver.cpp" />
    <ClCompile Include="CardActionDriver.cpp" />
    <ClCompile Include="GameStart.cpp" />
    <ClCompile Include="MapLoader.cpp" />
    <ClCompile Include="MapLoaderDriver.cpp" />
    <ClCompile Include="Player.cpp" />
    <ClCompile Include="PlayerDriver.cpp" />
    <ClCompile Include="MapUtility.cpp" />
    <ClCompile Include="MapUtility.h" />
    <ClCompile Include="Cards.cpp" />
    <ClCompile Include="CardsDriver.cpp" />
    <ClCompile Include="BiddingFacility.cpp" />
    <ClCompile Include="BiddingFacilityDriver.cpp" />
  </ItemGroup>
  <ItemGroup>
    <ClInclude Include="GameEngine.h" />
    <ClInclude Include="GameStart.h" />
    <ClInclude Include="MainGame.h" />
    <ClInclude Include="Map.h" />
    <ClInclude Include="PlayerStrategies.h" />
    <ClInclude Include="StartingPhase.h" />
    <ClInclude Include="MapLoader.h" />
    <ClInclude Include="Player.h" />
    <ClInclude Include="Cards.h" />
    <ClInclude Include="BiddingFacility.h" />
  </ItemGroup>
  <ItemGroup>
    <None Include="invalid_map_disconnected.json" />
    <None Include="invalid_map_missing_edges_field.json" />
    <None Include="invalid_map_missing_name_field.json" />
    <None Include="map_L.json" />
    <None Include="map_rectangle.json" />
    <None Include="map_T.json" />
    <None Include="valid_map_1.json" />
    <None Include="valid_map_2.json" />
  </ItemGroup>
</Project>